{
    "_readme": [
        "This file locks the dependencies of your project to a known state",
        "Read more about it at https://getcomposer.org/doc/01-basic-usage.md#installing-dependencies",
        "This file is @generated automatically"
    ],
    "content-hash": "42ba87ee84bc604177556d6765b6c4c1",
    "packages": [
        {
            "name": "laminas/laminas-dom",
            "version": "2.13.x-dev",
            "source": {
                "type": "git",
                "url": "https://github.com/laminas/laminas-dom.git",
                "reference": "5e8571a85a231807c6f8f00cab404de500d488ba"
            },
            "dist": {
                "type": "zip",
                "url": "https://api.github.com/repos/laminas/laminas-dom/zipball/5e8571a85a231807c6f8f00cab404de500d488ba",
                "reference": "5e8571a85a231807c6f8f00cab404de500d488ba",
                "shasum": ""
            },
            "require": {
                "ext-dom": "*",
                "ext-libxml": "*",
                "php": "^7.4 || ~8.0.0 || ~8.1.0"
            },
            "conflict": {
                "zendframework/zend-dom": "*"
            },
            "require-dev": {
                "laminas/laminas-coding-standard": "^2.1.4",
                "phpunit/phpunit": "^9.5.10"
            },
            "type": "library",
            "extra": {
                "branch-alias": {
                    "dev-master": "2.7.x-dev",
                    "dev-develop": "2.8.x-dev"
                }
            },
            "autoload": {
                "psr-4": {
                    "Laminas\\Dom\\": "src/"
                }
            },
            "notification-url": "https://packagist.org/downloads/",
            "license": [
                "BSD-3-Clause"
            ],
            "description": "provides tools for working with DOM documents and structures",
            "homepage": "https://laminas.dev",
            "keywords": [
                "dom",
                "laminas"
            ],
            "funding": [
                {
                    "url": "https://funding.communitybridge.org/projects/laminas-project",
                    "type": "community_bridge"
                }
            ],
            "time": "2021-12-13T15:52:16+00:00"
        },
        {
            "name": "vil11/hlpr",
            "version": "dev-master",
            "source": {
                "type": "git",
                "url": "https://github.com/vil11/hlpr.git",
                "reference": "0fa929084a27ea652d8880349686d6d62f99156e"
            },
            "dist": {
                "type": "zip",
                "url": "https://api.github.com/repos/vil11/hlpr/zipball/0fa929084a27ea652d8880349686d6d62f99156e",
                "reference": "0fa929084a27ea652d8880349686d6d62f99156e",
                "shasum": ""
            },
            "require": {
                "ext-mysqli": "*",
                "laminas/laminas-dom": "^2.7@dev",
                "php": ">=7.4.5"
            },
            "require-dev": {
                "phpunit/phpunit": "^6"
            },
            "type": "library",
            "autoload": {
                "files": [
                    "function/array.php",
                    "function/directory.php",
                    "function/exception.php",
                    "function/metadata.php",
                    "function/query.php",
                    "function/read.php",
                    "function/string.php",
                    "function/url.php"
                ],
                "psr-4": {
                    "HLPR\\": "src/"
                }
            },
            "notification-url": "https://packagist.org/downloads/",
            "license": [
                "proprietary"
            ],
            "authors": [
                {
                    "name": "Dimon Dominator",
                    "email": "vilya04@gmail.com"
                }
            ],
            "description": "PHP micro-functional helper.",
            "time": "2022-02-05T20:27:37+00:00"
        }
    ],
    "packages-dev": [],
    "aliases": [],
    "minimum-stability": "dev",
    "stability-flags": {
        "laminas/laminas-dom": 20,
        "vil11/hlpr": 20
    },
    "prefer-stable": false,
    "prefer-lowest": false,
    "platform": {
        "ext-mysqli": "*",
        "ext-mbstring": "*"
    },
    "platform-dev": [],
    "plugin-api-version": "1.1.0"
}
