{
    "_readme": [
        "This file locks the dependencies of your project to a known state",
        "Read more about it at https://getcomposer.org/doc/01-basic-usage.md#installing-dependencies",
        "This file is @generated automatically"
    ],
    "content-hash": "15744d8b4ffeb197ea29d86605ef17ef",
    "packages": [
        {
            "name": "james-heinrich/getid3",
            "version": "dev-master",
            "source": {
                "type": "git",
                "url": "https://github.com/JamesHeinrich/getID3.git",
                "reference": "371673af6d4ab9d2ea8bac0a0b113a256a28ab4c"
            },
            "dist": {
                "type": "zip",
                "url": "https://api.github.com/repos/JamesHeinrich/getID3/zipball/371673af6d4ab9d2ea8bac0a0b113a256a28ab4c",
                "reference": "371673af6d4ab9d2ea8bac0a0b113a256a28ab4c",
                "shasum": ""
            },
            "require": {
                "php": ">=5.3.0"
            },
            "require-dev": {
                "php-parallel-lint/php-parallel-lint": "^1.0"
            },
            "suggest": {
                "ext-SimpleXML": "SimpleXML extension is required to analyze RIFF/WAV/BWF audio files (also requires `ext-libxml`).",
                "ext-com_dotnet": "COM extension is required when loading files larger than 2GB on Windows.",
                "ext-ctype": "ctype extension is required when loading files larger than 2GB on 32-bit PHP (also on 64-bit PHP on Windows) or executing `getid3_lib::CopyTagsToComments`.",
                "ext-dba": "DBA extension is required to use the DBA database as a cache storage.",
                "ext-exif": "EXIF extension is required for graphic modules.",
                "ext-iconv": "iconv extension is required to work with different character sets (when `ext-mbstring` is not available).",
                "ext-json": "JSON extension is required to analyze Apple Quicktime videos.",
                "ext-libxml": "libxml extension is required to analyze RIFF/WAV/BWF audio files.",
                "ext-mbstring": "mbstring extension is required to work with different character sets.",
                "ext-mysql": "MySQL extension is required to use the MySQL database as a cache storage (deprecated in PHP 5.5, removed in PHP >= 7.0, use `ext-mysqli` instead).",
                "ext-mysqli": "MySQLi extension is required to use the MySQL database as a cache storage.",
                "ext-rar": "RAR extension is required for RAR archive module.",
                "ext-sqlite3": "SQLite3 extension is required to use the SQLite3 database as a cache storage.",
                "ext-xml": "XML extension is required for graphic modules to analyze the XML metadata.",
                "ext-zlib": "Zlib extension is required for archive modules and compressed metadata."
            },
            "type": "library",
            "extra": {
                "branch-alias": {
                    "dev-master": "1.9.x-dev"
                }
            },
            "autoload": {
                "classmap": [
                    "getid3/"
                ]
            },
            "notification-url": "https://packagist.org/downloads/",
            "license": [
                "GPL-1.0-or-later",
                "LGPL-3.0-only",
                "MPL-2.0"
            ],
            "description": "PHP script that extracts useful information from popular multimedia file formats",
            "homepage": "https://www.getid3.org/",
            "keywords": [
                "codecs",
                "php",
                "tags"
            ],
            "time": "2021-10-12T02:59:42+00:00"
        },
        {
            "name": "laminas/laminas-dom",
            "version": "2.9.x-dev",
            "source": {
                "type": "git",
                "url": "https://github.com/laminas/laminas-dom.git",
                "reference": "9a13ce061a95a4951a8a4f565e03eb1c16f67e5f"
            },
            "dist": {
                "type": "zip",
                "url": "https://api.github.com/repos/laminas/laminas-dom/zipball/9a13ce061a95a4951a8a4f565e03eb1c16f67e5f",
                "reference": "9a13ce061a95a4951a8a4f565e03eb1c16f67e5f",
                "shasum": ""
            },
            "require": {
                "ext-dom": "*",
                "ext-libxml": "*",
                "laminas/laminas-zendframework-bridge": "^1.1",
                "php": "^7.3 || ~8.0.0"
            },
            "replace": {
                "zendframework/zend-dom": "^2.7.2"
            },
            "require-dev": {
                "laminas/laminas-coding-standard": "^2.1.4",
                "phpunit/phpunit": "^9.4.3"
            },
            "type": "library",
            "extra": {
                "branch-alias": {
                    "dev-master": "2.7.x-dev",
                    "dev-develop": "2.8.x-dev"
                }
            },
            "autoload": {
                "psr-4": {
                    "Laminas\\Dom\\": "src/"
                }
            },
            "notification-url": "https://packagist.org/downloads/",
            "license": [
                "BSD-3-Clause"
            ],
            "description": "provides tools for working with DOM documents and structures",
            "homepage": "https://laminas.dev",
            "keywords": [
                "dom",
                "laminas"
            ],
            "funding": [
                {
                    "url": "https://funding.communitybridge.org/projects/laminas-project",
                    "type": "community_bridge"
                }
            ],
            "time": "2021-03-04T19:32:49+00:00"
        },
        {
            "name": "laminas/laminas-zendframework-bridge",
            "version": "1.5.x-dev",
            "source": {
                "type": "git",
                "url": "https://github.com/laminas/laminas-zendframework-bridge.git",
                "reference": "bf180a382393e7db5c1e8d0f2ec0c4af9c724baf"
            },
            "dist": {
                "type": "zip",
                "url": "https://api.github.com/repos/laminas/laminas-zendframework-bridge/zipball/bf180a382393e7db5c1e8d0f2ec0c4af9c724baf",
                "reference": "bf180a382393e7db5c1e8d0f2ec0c4af9c724baf",
                "shasum": ""
            },
            "require": {
                "php": "^7.3 || ~8.0.0 || ~8.1.0"
            },
            "require-dev": {
                "phpunit/phpunit": "^9.3",
                "psalm/plugin-phpunit": "^0.15.1",
                "squizlabs/php_codesniffer": "^3.5",
                "vimeo/psalm": "^4.6"
            },
            "type": "library",
            "extra": {
                "laminas": {
                    "module": "Laminas\\ZendFrameworkBridge"
                }
            },
            "autoload": {
                "files": [
                    "src/autoload.php"
                ],
                "psr-4": {
                    "Laminas\\ZendFrameworkBridge\\": "src//"
                }
            },
            "notification-url": "https://packagist.org/downloads/",
            "license": [
                "BSD-3-Clause"
            ],
            "description": "Alias legacy ZF class names to Laminas Project equivalents.",
            "keywords": [
                "ZendFramework",
                "autoloading",
                "laminas",
                "zf"
            ],
            "funding": [
                {
                    "url": "https://funding.communitybridge.org/projects/laminas-project",
                    "type": "community_bridge"
                }
            ],
            "time": "2021-09-03T17:53:30+00:00"
        },
        {
            "name": "vil11/hlpr",
            "version": "dev-master",
            "source": {
                "type": "git",
                "url": "https://github.com/vil11/hlpr.git",
                "reference": "ee59280f50cee4a3d4ee457dc730d62a017a7d7f"
            },
            "dist": {
                "type": "zip",
                "url": "https://api.github.com/repos/vil11/hlpr/zipball/ee59280f50cee4a3d4ee457dc730d62a017a7d7f",
                "reference": "ee59280f50cee4a3d4ee457dc730d62a017a7d7f",
                "shasum": ""
            },
            "require": {
                "laminas/laminas-dom": "^2.7@dev",
                "php": ">=7.4.5"
            },
            "require-dev": {
                "phpunit/phpunit": "^6"
            },
            "type": "library",
            "autoload": {
                "files": [
                    "function/array.php",
                    "function/directory.php",
                    "function/exception.php",
                    "function/metadata.php",
                    "function/query.php",
                    "function/read.php",
                    "function/string.php",
                    "function/url.php"
                ],
                "psr-4": {
                    "HLPR\\": "src/"
                }
            },
            "notification-url": "https://packagist.org/downloads/",
            "license": [
                "proprietary"
            ],
            "authors": [
                {
                    "name": "Dimon Dominator",
                    "email": "vilya04@gmail.com"
                }
            ],
            "description": "PHP micro-functional helper.",
            "time": "2021-10-17T13:47:27+00:00"
        }
    ],
    "packages-dev": [],
    "aliases": [],
    "minimum-stability": "dev",
    "stability-flags": {
        "laminas/laminas-dom": 20,
        "vil11/hlpr": 20
    },
    "prefer-stable": false,
    "prefer-lowest": false,
    "platform": [],
    "platform-dev": [],
    "plugin-api-version": "1.1.0"
}
